
Microsoft Visual Studio Solution File, Format Version 12.00
# Visual Studio Version 17
VisualStudioVersion = 17.3.32929.385
MinimumVisualStudioVersion = 10.0.40219.1
Project("{FAE04EC0-301F-11D3-BF4B-00C04F79EFBC}") = "MonsterFightSimulator2.0", "MonsterFightSimulator2.0.csproj", "{A8E6A205-884E-4067-8C84-C5F3ED1B547F}"
EndProject
Global
	GlobalSection(SolutionConfigurationPlatforms) = preSolution
		Debug|Any CPU = Debug|Any CPU
		Release|Any CPU = Release|Any CPU
	EndGlobalSection
	GlobalSection(ProjectConfigurationPlatforms) = postSolution
		{A8E6A205-884E-4067-8C84-C5F3ED1B547F}.Debug|Any CPU.ActiveCfg = Debug|Any CPU
		{A8E6A205-884E-4067-8C84-C5F3ED1B547F}.Debug|Any CPU.Build.0 = Debug|Any CPU
		{A8E6A205-884E-4067-8C84-C5F3ED1B547F}.Release|Any CPU.ActiveCfg = Release|Any CPU
		{A8E6A205-884E-4067-8C84-C5F3ED1B547F}.Release|Any CPU.Build.0 = Release|Any CPU
	EndGlobalSection
	GlobalSection(SolutionProperties) = preSolution
		HideSolutionNode = FALSE
	EndGlobalSection
	GlobalSection(ExtensibilityGlobals) = postSolution
		SolutionGuid = {9DB24841-3E73-445A-A9D1-779DD2803656}
	EndGlobalSection
EndGlobal
